
Microsoft Visual Studio Solution File, Format Version 12.00
Project("{FAE04EC0-301F-11D3-BF4B-00C04F79EFBC}") = "WebApp", "WebApp\WebApp.csproj", "{A37ECB6B-2A35-4C1D-A8FF-4DB476FB6C1E}"
EndProject
Project("{2150E333-8FDC-42A3-9474-1A3956D46DE8}") = "SolutionItems", "SolutionItems", "{0BCD0117-711B-469A-B263-3E69E3861CBF}"
	ProjectSection(SolutionItems) = preProject
		global.json = global.json
		docker-compose.yml = docker-compose.yml
		Dockerfile = Dockerfile
		.dockerignore = .dockerignore
		..\README.md = ..\README.md
		..\.gitignore = ..\.gitignore
	EndProjectSection
EndProject
Project("{2150E333-8FDC-42A3-9474-1A3956D46DE8}") = "APP", "APP", "{93831284-94E2-416F-BB3B-84A43C18A4B8}"
EndProject
Project("{2150E333-8FDC-42A3-9474-1A3956D46DE8}") = "BASE", "BASE", "{326C9FFA-9717-4FC5-B804-555B6D0DECC3}"
EndProject
Project("{2150E333-8FDC-42A3-9474-1A3956D46DE8}") = "Contracts", "Contracts", "{23E7CA85-384A-4722-B3FB-76E080F20C69}"
EndProject
Project("{2150E333-8FDC-42A3-9474-1A3956D46DE8}") = "Contracts", "Contracts", "{828A83D1-CD59-4ACB-AB5F-C19EA66D45B9}"
EndProject
Project("{FAE04EC0-301F-11D3-BF4B-00C04F79EFBC}") = "Base.Domain.Contracts", "Base.Domain.Contracts\Base.Domain.Contracts.csproj", "{42807C10-1075-408D-950B-A2E53B96BFCD}"
EndProject
Project("{FAE04EC0-301F-11D3-BF4B-00C04F79EFBC}") = "Base.DAL.Contracts", "Base.DAL.Contracts\Base.DAL.Contracts.csproj", "{7F57A6D9-36F0-4385-B272-32783AAB67D2}"
EndProject
Project("{FAE04EC0-301F-11D3-BF4B-00C04F79EFBC}") = "Base.Domain", "Base.Domain\Base.Domain.csproj", "{035DF13E-E3A0-4EE0-A2B0-10E42F7AEFEB}"
EndProject
Project("{FAE04EC0-301F-11D3-BF4B-00C04F79EFBC}") = "Base.DAL", "Base.DAL\Base.DAL.csproj", "{108F00A9-D489-4AAE-AC36-F21F2C45446A}"
EndProject
Project("{FAE04EC0-301F-11D3-BF4B-00C04F79EFBC}") = "App.DAL.Contracts", "App.DAL.Contracts\App.DAL.Contracts.csproj", "{0CD7CAAD-DAD7-46DA-B3AC-4B8A4977DD4D}"
EndProject
Project("{FAE04EC0-301F-11D3-BF4B-00C04F79EFBC}") = "App.DAL", "App.DAL\App.DAL.csproj", "{E7D8D147-FA96-4C6B-A89C-55B595033481}"
EndProject
Project("{FAE04EC0-301F-11D3-BF4B-00C04F79EFBC}") = "App.Domain", "App.Domain\App.Domain.csproj", "{3B9D98AE-9ED3-4869-91F7-C0CB53906651}"
EndProject
Project("{FAE04EC0-301F-11D3-BF4B-00C04F79EFBC}") = "Helpers", "Helpers\Helpers.csproj", "{D1A45D84-7484-49AE-8090-D607F15B7699}"
EndProject
Project("{FAE04EC0-301F-11D3-BF4B-00C04F79EFBC}") = "Public.DTO", "Public.DTO\Public.DTO.csproj", "{D8BEF118-2632-439D-8046-E6D91CEEC81F}"
EndProject
Project("{FAE04EC0-301F-11D3-BF4B-00C04F79EFBC}") = "Base.Mapper.Contracts", "Base.Mapper.Contracts\Base.Mapper.Contracts.csproj", "{6AE8F34C-5A71-4B44-A97C-24B7594CF453}"
EndProject
Project("{FAE04EC0-301F-11D3-BF4B-00C04F79EFBC}") = "Base.Mapper", "Base.Mapper\Base.Mapper.csproj", "{5675ED15-04E1-4076-B8AD-1B577B384E95}"
EndProject
Project("{FAE04EC0-301F-11D3-BF4B-00C04F79EFBC}") = "Base.BLL.Contracts", "Base.BLL.Contracts\Base.BLL.Contracts.csproj", "{ACE3A28A-7642-4808-B48A-7D0F21D5985D}"
EndProject
Project("{FAE04EC0-301F-11D3-BF4B-00C04F79EFBC}") = "Base.BLL", "Base.BLL\Base.BLL.csproj", "{E39B8E12-8014-411A-8C2F-33FC6AB2E98B}"
EndProject
Project("{FAE04EC0-301F-11D3-BF4B-00C04F79EFBC}") = "App.BLL.Contracts", "App.BLL.Contracts\App.BLL.Contracts.csproj", "{7A793BC4-7258-49DB-AB5D-41D8E66A934E}"
EndProject
Project("{FAE04EC0-301F-11D3-BF4B-00C04F79EFBC}") = "App.BLL", "App.BLL\App.BLL.csproj", "{89BF9252-D0F2-4BCF-8CF3-1FBB9939161E}"
EndProject
Project("{FAE04EC0-301F-11D3-BF4B-00C04F79EFBC}") = "ApplicationTests", "ApplicationTests\ApplicationTests.csproj", "{5F8CFFEC-39C6-4BE4-8891-D2F83605E0CD}"
EndProject
Global
	GlobalSection(SolutionConfigurationPlatforms) = preSolution
		Debug|Any CPU = Debug|Any CPU
		Release|Any CPU = Release|Any CPU
	EndGlobalSection
	GlobalSection(ProjectConfigurationPlatforms) = postSolution
		{A37ECB6B-2A35-4C1D-A8FF-4DB476FB6C1E}.Debug|Any CPU.ActiveCfg = Debug|Any CPU
		{A37ECB6B-2A35-4C1D-A8FF-4DB476FB6C1E}.Debug|Any CPU.Build.0 = Debug|Any CPU
		{A37ECB6B-2A35-4C1D-A8FF-4DB476FB6C1E}.Release|Any CPU.ActiveCfg = Release|Any CPU
		{A37ECB6B-2A35-4C1D-A8FF-4DB476FB6C1E}.Release|Any CPU.Build.0 = Release|Any CPU
		{42807C10-1075-408D-950B-A2E53B96BFCD}.Debug|Any CPU.ActiveCfg = Debug|Any CPU
		{42807C10-1075-408D-950B-A2E53B96BFCD}.Debug|Any CPU.Build.0 = Debug|Any CPU
		{42807C10-1075-408D-950B-A2E53B96BFCD}.Release|Any CPU.ActiveCfg = Release|Any CPU
		{42807C10-1075-408D-950B-A2E53B96BFCD}.Release|Any CPU.Build.0 = Release|Any CPU
		{7F57A6D9-36F0-4385-B272-32783AAB67D2}.Debug|Any CPU.ActiveCfg = Debug|Any CPU
		{7F57A6D9-36F0-4385-B272-32783AAB67D2}.Debug|Any CPU.Build.0 = Debug|Any CPU
		{7F57A6D9-36F0-4385-B272-32783AAB67D2}.Release|Any CPU.ActiveCfg = Release|Any CPU
		{7F57A6D9-36F0-4385-B272-32783AAB67D2}.Release|Any CPU.Build.0 = Release|Any CPU
		{035DF13E-E3A0-4EE0-A2B0-10E42F7AEFEB}.Debug|Any CPU.ActiveCfg = Debug|Any CPU
		{035DF13E-E3A0-4EE0-A2B0-10E42F7AEFEB}.Debug|Any CPU.Build.0 = Debug|Any CPU
		{035DF13E-E3A0-4EE0-A2B0-10E42F7AEFEB}.Release|Any CPU.ActiveCfg = Release|Any CPU
		{035DF13E-E3A0-4EE0-A2B0-10E42F7AEFEB}.Release|Any CPU.Build.0 = Release|Any CPU
		{108F00A9-D489-4AAE-AC36-F21F2C45446A}.Debug|Any CPU.ActiveCfg = Debug|Any CPU
		{108F00A9-D489-4AAE-AC36-F21F2C45446A}.Debug|Any CPU.Build.0 = Debug|Any CPU
		{108F00A9-D489-4AAE-AC36-F21F2C45446A}.Release|Any CPU.ActiveCfg = Release|Any CPU
		{108F00A9-D489-4AAE-AC36-F21F2C45446A}.Release|Any CPU.Build.0 = Release|Any CPU
		{0CD7CAAD-DAD7-46DA-B3AC-4B8A4977DD4D}.Debug|Any CPU.ActiveCfg = Debug|Any CPU
		{0CD7CAAD-DAD7-46DA-B3AC-4B8A4977DD4D}.Debug|Any CPU.Build.0 = Debug|Any CPU
		{0CD7CAAD-DAD7-46DA-B3AC-4B8A4977DD4D}.Release|Any CPU.ActiveCfg = Release|Any CPU
		{0CD7CAAD-DAD7-46DA-B3AC-4B8A4977DD4D}.Release|Any CPU.Build.0 = Release|Any CPU
		{E7D8D147-FA96-4C6B-A89C-55B595033481}.Debug|Any CPU.ActiveCfg = Debug|Any CPU
		{E7D8D147-FA96-4C6B-A89C-55B595033481}.Debug|Any CPU.Build.0 = Debug|Any CPU
		{E7D8D147-FA96-4C6B-A89C-55B595033481}.Release|Any CPU.ActiveCfg = Release|Any CPU
		{E7D8D147-FA96-4C6B-A89C-55B595033481}.Release|Any CPU.Build.0 = Release|Any CPU
		{3B9D98AE-9ED3-4869-91F7-C0CB53906651}.Debug|Any CPU.ActiveCfg = Debug|Any CPU
		{3B9D98AE-9ED3-4869-91F7-C0CB53906651}.Debug|Any CPU.Build.0 = Debug|Any CPU
		{3B9D98AE-9ED3-4869-91F7-C0CB53906651}.Release|Any CPU.ActiveCfg = Release|Any CPU
		{3B9D98AE-9ED3-4869-91F7-C0CB53906651}.Release|Any CPU.Build.0 = Release|Any CPU
		{D1A45D84-7484-49AE-8090-D607F15B7699}.Debug|Any CPU.ActiveCfg = Debug|Any CPU
		{D1A45D84-7484-49AE-8090-D607F15B7699}.Debug|Any CPU.Build.0 = Debug|Any CPU
		{D1A45D84-7484-49AE-8090-D607F15B7699}.Release|Any CPU.ActiveCfg = Release|Any CPU
		{D1A45D84-7484-49AE-8090-D607F15B7699}.Release|Any CPU.Build.0 = Release|Any CPU
		{D8BEF118-2632-439D-8046-E6D91CEEC81F}.Debug|Any CPU.ActiveCfg = Debug|Any CPU
		{D8BEF118-2632-439D-8046-E6D91CEEC81F}.Debug|Any CPU.Build.0 = Debug|Any CPU
		{D8BEF118-2632-439D-8046-E6D91CEEC81F}.Release|Any CPU.ActiveCfg = Release|Any CPU
		{D8BEF118-2632-439D-8046-E6D91CEEC81F}.Release|Any CPU.Build.0 = Release|Any CPU
		{6AE8F34C-5A71-4B44-A97C-24B7594CF453}.Debug|Any CPU.ActiveCfg = Debug|Any CPU
		{6AE8F34C-5A71-4B44-A97C-24B7594CF453}.Debug|Any CPU.Build.0 = Debug|Any CPU
		{6AE8F34C-5A71-4B44-A97C-24B7594CF453}.Release|Any CPU.ActiveCfg = Release|Any CPU
		{6AE8F34C-5A71-4B44-A97C-24B7594CF453}.Release|Any CPU.Build.0 = Release|Any CPU
		{5675ED15-04E1-4076-B8AD-1B577B384E95}.Debug|Any CPU.ActiveCfg = Debug|Any CPU
		{5675ED15-04E1-4076-B8AD-1B577B384E95}.Debug|Any CPU.Build.0 = Debug|Any CPU
		{5675ED15-04E1-4076-B8AD-1B577B384E95}.Release|Any CPU.ActiveCfg = Release|Any CPU
		{5675ED15-04E1-4076-B8AD-1B577B384E95}.Release|Any CPU.Build.0 = Release|Any CPU
		{ACE3A28A-7642-4808-B48A-7D0F21D5985D}.Debug|Any CPU.ActiveCfg = Debug|Any CPU
		{ACE3A28A-7642-4808-B48A-7D0F21D5985D}.Debug|Any CPU.Build.0 = Debug|Any CPU
		{ACE3A28A-7642-4808-B48A-7D0F21D5985D}.Release|Any CPU.ActiveCfg = Release|Any CPU
		{ACE3A28A-7642-4808-B48A-7D0F21D5985D}.Release|Any CPU.Build.0 = Release|Any CPU
		{E39B8E12-8014-411A-8C2F-33FC6AB2E98B}.Debug|Any CPU.ActiveCfg = Debug|Any CPU
		{E39B8E12-8014-411A-8C2F-33FC6AB2E98B}.Debug|Any CPU.Build.0 = Debug|Any CPU
		{E39B8E12-8014-411A-8C2F-33FC6AB2E98B}.Release|Any CPU.ActiveCfg = Release|Any CPU
		{E39B8E12-8014-411A-8C2F-33FC6AB2E98B}.Release|Any CPU.Build.0 = Release|Any CPU
		{7A793BC4-7258-49DB-AB5D-41D8E66A934E}.Debug|Any CPU.ActiveCfg = Debug|Any CPU
		{7A793BC4-7258-49DB-AB5D-41D8E66A934E}.Debug|Any CPU.Build.0 = Debug|Any CPU
		{7A793BC4-7258-49DB-AB5D-41D8E66A934E}.Release|Any CPU.ActiveCfg = Release|Any CPU
		{7A793BC4-7258-49DB-AB5D-41D8E66A934E}.Release|Any CPU.Build.0 = Release|Any CPU
		{89BF9252-D0F2-4BCF-8CF3-1FBB9939161E}.Debug|Any CPU.ActiveCfg = Debug|Any CPU
		{89BF9252-D0F2-4BCF-8CF3-1FBB9939161E}.Debug|Any CPU.Build.0 = Debug|Any CPU
		{89BF9252-D0F2-4BCF-8CF3-1FBB9939161E}.Release|Any CPU.ActiveCfg = Release|Any CPU
		{89BF9252-D0F2-4BCF-8CF3-1FBB9939161E}.Release|Any CPU.Build.0 = Release|Any CPU
		{5F8CFFEC-39C6-4BE4-8891-D2F83605E0CD}.Debug|Any CPU.ActiveCfg = Debug|Any CPU
		{5F8CFFEC-39C6-4BE4-8891-D2F83605E0CD}.Debug|Any CPU.Build.0 = Debug|Any CPU
		{5F8CFFEC-39C6-4BE4-8891-D2F83605E0CD}.Release|Any CPU.ActiveCfg = Release|Any CPU
		{5F8CFFEC-39C6-4BE4-8891-D2F83605E0CD}.Release|Any CPU.Build.0 = Release|Any CPU
	EndGlobalSection
	GlobalSection(NestedProjects) = preSolution
		{23E7CA85-384A-4722-B3FB-76E080F20C69} = {93831284-94E2-416F-BB3B-84A43C18A4B8}
		{828A83D1-CD59-4ACB-AB5F-C19EA66D45B9} = {326C9FFA-9717-4FC5-B804-555B6D0DECC3}
		{42807C10-1075-408D-950B-A2E53B96BFCD} = {828A83D1-CD59-4ACB-AB5F-C19EA66D45B9}
		{7F57A6D9-36F0-4385-B272-32783AAB67D2} = {828A83D1-CD59-4ACB-AB5F-C19EA66D45B9}
		{035DF13E-E3A0-4EE0-A2B0-10E42F7AEFEB} = {326C9FFA-9717-4FC5-B804-555B6D0DECC3}
		{108F00A9-D489-4AAE-AC36-F21F2C45446A} = {326C9FFA-9717-4FC5-B804-555B6D0DECC3}
		{0CD7CAAD-DAD7-46DA-B3AC-4B8A4977DD4D} = {23E7CA85-384A-4722-B3FB-76E080F20C69}
		{E7D8D147-FA96-4C6B-A89C-55B595033481} = {93831284-94E2-416F-BB3B-84A43C18A4B8}
		{3B9D98AE-9ED3-4869-91F7-C0CB53906651} = {93831284-94E2-416F-BB3B-84A43C18A4B8}
		{A37ECB6B-2A35-4C1D-A8FF-4DB476FB6C1E} = {93831284-94E2-416F-BB3B-84A43C18A4B8}
		{D8BEF118-2632-439D-8046-E6D91CEEC81F} = {93831284-94E2-416F-BB3B-84A43C18A4B8}
		{6AE8F34C-5A71-4B44-A97C-24B7594CF453} = {828A83D1-CD59-4ACB-AB5F-C19EA66D45B9}
		{5675ED15-04E1-4076-B8AD-1B577B384E95} = {326C9FFA-9717-4FC5-B804-555B6D0DECC3}
		{ACE3A28A-7642-4808-B48A-7D0F21D5985D} = {828A83D1-CD59-4ACB-AB5F-C19EA66D45B9}
		{E39B8E12-8014-411A-8C2F-33FC6AB2E98B} = {326C9FFA-9717-4FC5-B804-555B6D0DECC3}
		{7A793BC4-7258-49DB-AB5D-41D8E66A934E} = {23E7CA85-384A-4722-B3FB-76E080F20C69}
		{89BF9252-D0F2-4BCF-8CF3-1FBB9939161E} = {93831284-94E2-416F-BB3B-84A43C18A4B8}
		{5F8CFFEC-39C6-4BE4-8891-D2F83605E0CD} = {93831284-94E2-416F-BB3B-84A43C18A4B8}
	EndGlobalSection
EndGlobal
